
Microsoft Visual Studio Solution File, Format Version 12.00
# Visual Studio Version 17
VisualStudioVersion = 17.10.35013.160
MinimumVisualStudioVersion = 10.0.40219.1
Project("{FAE04EC0-301F-11D3-BF4B-00C04F79EFBC}") = "TestProject2", "TestProject2\TestProject2.csproj", "{83378464-7654-4CD5-9544-DB7A0B1CAE36}"
EndProject
Project("{FAE04EC0-301F-11D3-BF4B-00C04F79EFBC}") = "ClassLibrary2", "ClassLibrary2\ClassLibrary2.csproj", "{A3CCEEB8-2401-4479-A811-64544B7B79AD}"
EndProject
Project("{FAE04EC0-301F-11D3-BF4B-00C04F79EFBC}") = "ConsoleApp1", "ConsoleApp1\ConsoleApp1.csproj", "{0789F69D-CDB6-4E15-B70E-3793B9A1580F}"
EndProject
Global
	GlobalSection(SolutionConfigurationPlatforms) = preSolution
		Debug|Any CPU = Debug|Any CPU
		Release|Any CPU = Release|Any CPU
	EndGlobalSection
	GlobalSection(ProjectConfigurationPlatforms) = postSolution
		{83378464-7654-4CD5-9544-DB7A0B1CAE36}.Debug|Any CPU.ActiveCfg = Debug|Any CPU
		{83378464-7654-4CD5-9544-DB7A0B1CAE36}.Debug|Any CPU.Build.0 = Debug|Any CPU
		{83378464-7654-4CD5-9544-DB7A0B1CAE36}.Release|Any CPU.ActiveCfg = Release|Any CPU
		{83378464-7654-4CD5-9544-DB7A0B1CAE36}.Release|Any CPU.Build.0 = Release|Any CPU
		{A3CCEEB8-2401-4479-A811-64544B7B79AD}.Debug|Any CPU.ActiveCfg = Debug|Any CPU
		{A3CCEEB8-2401-4479-A811-64544B7B79AD}.Debug|Any CPU.Build.0 = Debug|Any CPU
		{A3CCEEB8-2401-4479-A811-64544B7B79AD}.Release|Any CPU.ActiveCfg = Release|Any CPU
		{A3CCEEB8-2401-4479-A811-64544B7B79AD}.Release|Any CPU.Build.0 = Release|Any CPU
		{0789F69D-CDB6-4E15-B70E-3793B9A1580F}.Debug|Any CPU.ActiveCfg = Debug|Any CPU
		{0789F69D-CDB6-4E15-B70E-3793B9A1580F}.Debug|Any CPU.Build.0 = Debug|Any CPU
		{0789F69D-CDB6-4E15-B70E-3793B9A1580F}.Release|Any CPU.ActiveCfg = Release|Any CPU
		{0789F69D-CDB6-4E15-B70E-3793B9A1580F}.Release|Any CPU.Build.0 = Release|Any CPU
	EndGlobalSection
	GlobalSection(SolutionProperties) = preSolution
		HideSolutionNode = FALSE
	EndGlobalSection
	GlobalSection(ExtensibilityGlobals) = postSolution
		SolutionGuid = {B62C7B05-15EF-47C7-A37D-5449D4227114}
	EndGlobalSection
EndGlobal
